
Microsoft Visual Studio Solution File, Format Version 12.00
# Visual Studio Version 16
VisualStudioVersion = 16.0.30114.105
MinimumVisualStudioVersion = 10.0.40219.1
Project("{FAE04EC0-301F-11D3-BF4B-00C04F79EFBC}") = "API", "api\API.csproj", "{7A53C3FC-8A4D-4154-8A7E-3923F0F86299}"
EndProject
Project("{2150E333-8FDC-42A3-9474-1A3956D46DE8}") = "Core", "Core", "{CB2A6D2E-7D9F-44AA-8CD3-BCC909D7DCA2}"
EndProject
Project("{FAE04EC0-301F-11D3-BF4B-00C04F79EFBC}") = "Core", "Core\Core\Core.csproj", "{38F4D03A-37B1-442A-B2EA-34BFA516AD51}"
EndProject
Project("{FAE04EC0-301F-11D3-BF4B-00C04F79EFBC}") = "DbMigrator", "DbMigrator\DbMigrator.csproj", "{9C1F8CBD-1AF8-4BB8-BE2E-B2799732308A}"
EndProject
Global
	GlobalSection(SolutionConfigurationPlatforms) = preSolution
		Debug|Any CPU = Debug|Any CPU
		Release|Any CPU = Release|Any CPU
	EndGlobalSection
	GlobalSection(SolutionProperties) = preSolution
		HideSolutionNode = FALSE
	EndGlobalSection
	GlobalSection(ProjectConfigurationPlatforms) = postSolution
		{7A53C3FC-8A4D-4154-8A7E-3923F0F86299}.Debug|Any CPU.ActiveCfg = Debug|Any CPU
		{7A53C3FC-8A4D-4154-8A7E-3923F0F86299}.Debug|Any CPU.Build.0 = Debug|Any CPU
		{7A53C3FC-8A4D-4154-8A7E-3923F0F86299}.Release|Any CPU.ActiveCfg = Release|Any CPU
		{7A53C3FC-8A4D-4154-8A7E-3923F0F86299}.Release|Any CPU.Build.0 = Release|Any CPU
		{38F4D03A-37B1-442A-B2EA-34BFA516AD51}.Debug|Any CPU.ActiveCfg = Debug|Any CPU
		{38F4D03A-37B1-442A-B2EA-34BFA516AD51}.Debug|Any CPU.Build.0 = Debug|Any CPU
		{38F4D03A-37B1-442A-B2EA-34BFA516AD51}.Release|Any CPU.ActiveCfg = Release|Any CPU
		{38F4D03A-37B1-442A-B2EA-34BFA516AD51}.Release|Any CPU.Build.0 = Release|Any CPU
		{9C1F8CBD-1AF8-4BB8-BE2E-B2799732308A}.Debug|Any CPU.ActiveCfg = Debug|Any CPU
		{9C1F8CBD-1AF8-4BB8-BE2E-B2799732308A}.Debug|Any CPU.Build.0 = Debug|Any CPU
		{9C1F8CBD-1AF8-4BB8-BE2E-B2799732308A}.Release|Any CPU.ActiveCfg = Release|Any CPU
		{9C1F8CBD-1AF8-4BB8-BE2E-B2799732308A}.Release|Any CPU.Build.0 = Release|Any CPU
	EndGlobalSection
	GlobalSection(NestedProjects) = preSolution
		{38F4D03A-37B1-442A-B2EA-34BFA516AD51} = {CB2A6D2E-7D9F-44AA-8CD3-BCC909D7DCA2}
	EndGlobalSection
EndGlobal
